// !$*UTF8*$!
{
	archiveVersion = 1;
	classes = {
	};
	objectVersion = 55;
	objects = {

/* Begin PBXBuildFile section */
		0D11CC2D275225F60062B2DC /* DatabaseManager.swift in Sources */ = {isa = PBXBuildFile; fileRef = 0D11CC2C275225F60062B2DC /* DatabaseManager.swift */; };
		0DF79E7627508FFE000784AD /* Extensions.swift in Sources */ = {isa = PBXBuildFile; fileRef = 0DF79E7527508FFE000784AD /* Extensions.swift */; };
		BF3ACD09274FC870003383BE /* AppDelegate.swift in Sources */ = {isa = PBXBuildFile; fileRef = BF3ACD08274FC870003383BE /* AppDelegate.swift */; };
		BF3ACD0B274FC870003383BE /* SceneDelegate.swift in Sources */ = {isa = PBXBuildFile; fileRef = BF3ACD0A274FC870003383BE /* SceneDelegate.swift */; };
		BF3ACD0D274FC870003383BE /* ConversationsViewController.swift in Sources */ = {isa = PBXBuildFile; fileRef = BF3ACD0C274FC870003383BE /* ConversationsViewController.swift */; };
		BF3ACD10274FC870003383BE /* Main.storyboard in Resources */ = {isa = PBXBuildFile; fileRef = BF3ACD0E274FC870003383BE /* Main.storyboard */; };
		BF3ACD12274FC871003383BE /* Assets.xcassets in Resources */ = {isa = PBXBuildFile; fileRef = BF3ACD11274FC871003383BE /* Assets.xcassets */; };
		BF3ACD15274FC871003383BE /* LaunchScreen.storyboard in Resources */ = {isa = PBXBuildFile; fileRef = BF3ACD13274FC871003383BE /* LaunchScreen.storyboard */; };
		BF3ACD23274FCD33003383BE /* LoginViewController.swift in Sources */ = {isa = PBXBuildFile; fileRef = BF3ACD22274FCD33003383BE /* LoginViewController.swift */; };
		BF3ACD25274FCD56003383BE /* RegisterViewController.swift in Sources */ = {isa = PBXBuildFile; fileRef = BF3ACD24274FCD56003383BE /* RegisterViewController.swift */; };
		BF3ACD27274FCD70003383BE /* PhotoViewerViewController.swift in Sources */ = {isa = PBXBuildFile; fileRef = BF3ACD26274FCD70003383BE /* PhotoViewerViewController.swift */; };
		BF3ACD29274FCD86003383BE /* VideoPlayerViewController.swift in Sources */ = {isa = PBXBuildFile; fileRef = BF3ACD28274FCD86003383BE /* VideoPlayerViewController.swift */; };
		BF3ACD2B274FCDB3003383BE /* NewConversationViewController.swift in Sources */ = {isa = PBXBuildFile; fileRef = BF3ACD2A274FCDB3003383BE /* NewConversationViewController.swift */; };
		BF3ACD2D274FCDD2003383BE /* ProfileViewController.swift in Sources */ = {isa = PBXBuildFile; fileRef = BF3ACD2C274FCDD2003383BE /* ProfileViewController.swift */; };
		BFAE84572755189B004EB3F2 /* ChatViewController.swift in Sources */ = {isa = PBXBuildFile; fileRef = BFAE84562755189B004EB3F2 /* ChatViewController.swift */; };
		BFAE84592755957E004EB3F2 /* StorageManager.swift in Sources */ = {isa = PBXBuildFile; fileRef = BFAE84582755957E004EB3F2 /* StorageManager.swift */; };
		BFE0C5922752050100DB4347 /* GoogleService-Info.plist in Resources */ = {isa = PBXBuildFile; fileRef = BFE0C5912752050100DB4347 /* GoogleService-Info.plist */; };
		C7E53B8646DC3B975DF94901 /* Pods_Messenger.framework in Frameworks */ = {isa = PBXBuildFile; fileRef = 80798469A9050BA77F33730C /* Pods_Messenger.framework */; };
/* End PBXBuildFile section */

/* Begin PBXFileReference section */
		032F7F82B6DC24104D0975E9 /* Pods-Messenger.debug.xcconfig */ = {isa = PBXFileReference; includeInIndex = 1; lastKnownFileType = text.xcconfig; name = "Pods-Messenger.debug.xcconfig"; path = "Target Support Files/Pods-Messenger/Pods-Messenger.debug.xcconfig"; sourceTree = "<group>"; };
		0D11CC2C275225F60062B2DC /* DatabaseManager.swift */ = {isa = PBXFileReference; lastKnownFileType = sourcecode.swift; path = DatabaseManager.swift; sourceTree = "<group>"; };
		0DF79E7527508FFE000784AD /* Extensions.swift */ = {isa = PBXFileReference; lastKnownFileType = sourcecode.swift; path = Extensions.swift; sourceTree = "<group>"; };
		609EA84D0D38D38D2A44FFBD /* Pods-Messenger.release.xcconfig */ = {isa = PBXFileReference; includeInIndex = 1; lastKnownFileType = text.xcconfig; name = "Pods-Messenger.release.xcconfig"; path = "Target Support Files/Pods-Messenger/Pods-Messenger.release.xcconfig"; sourceTree = "<group>"; };
		80798469A9050BA77F33730C /* Pods_Messenger.framework */ = {isa = PBXFileReference; explicitFileType = wrapper.framework; includeInIndex = 0; path = Pods_Messenger.framework; sourceTree = BUILT_PRODUCTS_DIR; };
		BF3ACD05274FC870003383BE /* Messenger.app */ = {isa = PBXFileReference; explicitFileType = wrapper.application; includeInIndex = 0; path = Messenger.app; sourceTree = BUILT_PRODUCTS_DIR; };
		BF3ACD08274FC870003383BE /* AppDelegate.swift */ = {isa = PBXFileReference; lastKnownFileType = sourcecode.swift; path = AppDelegate.swift; sourceTree = "<group>"; };
		BF3ACD0A274FC870003383BE /* SceneDelegate.swift */ = {isa = PBXFileReference; lastKnownFileType = sourcecode.swift; path = SceneDelegate.swift; sourceTree = "<group>"; };
		BF3ACD0C274FC870003383BE /* ConversationsViewController.swift */ = {isa = PBXFileReference; lastKnownFileType = sourcecode.swift; path = ConversationsViewController.swift; sourceTree = "<group>"; };
		BF3ACD0F274FC870003383BE /* Base */ = {isa = PBXFileReference; lastKnownFileType = file.storyboard; name = Base; path = Base.lproj/Main.storyboard; sourceTree = "<group>"; };
		BF3ACD11274FC871003383BE /* Assets.xcassets */ = {isa = PBXFileReference; lastKnownFileType = folder.assetcatalog; path = Assets.xcassets; sourceTree = "<group>"; };
		BF3ACD14274FC871003383BE /* Base */ = {isa = PBXFileReference; lastKnownFileType = file.storyboard; name = Base; path = Base.lproj/LaunchScreen.storyboard; sourceTree = "<group>"; };
		BF3ACD16274FC871003383BE /* Info.plist */ = {isa = PBXFileReference; lastKnownFileType = text.plist.xml; path = Info.plist; sourceTree = "<group>"; };
		BF3ACD22274FCD33003383BE /* LoginViewController.swift */ = {isa = PBXFileReference; lastKnownFileType = sourcecode.swift; path = LoginViewController.swift; sourceTree = "<group>"; };
		BF3ACD24274FCD56003383BE /* RegisterViewController.swift */ = {isa = PBXFileReference; lastKnownFileType = sourcecode.swift; path = RegisterViewController.swift; sourceTree = "<group>"; };
		BF3ACD26274FCD70003383BE /* PhotoViewerViewController.swift */ = {isa = PBXFileReference; lastKnownFileType = sourcecode.swift; path = PhotoViewerViewController.swift; sourceTree = "<group>"; };
		BF3ACD28274FCD86003383BE /* VideoPlayerViewController.swift */ = {isa = PBXFileReference; lastKnownFileType = sourcecode.swift; path = VideoPlayerViewController.swift; sourceTree = "<group>"; };
		BF3ACD2A274FCDB3003383BE /* NewConversationViewController.swift */ = {isa = PBXFileReference; lastKnownFileType = sourcecode.swift; path = NewConversationViewController.swift; sourceTree = "<group>"; };
		BF3ACD2C274FCDD2003383BE /* ProfileViewController.swift */ = {isa = PBXFileReference; lastKnownFileType = sourcecode.swift; path = ProfileViewController.swift; sourceTree = "<group>"; };
		BFAE84562755189B004EB3F2 /* ChatViewController.swift */ = {isa = PBXFileReference; lastKnownFileType = sourcecode.swift; path = ChatViewController.swift; sourceTree = "<group>"; };
		BFAE84582755957E004EB3F2 /* StorageManager.swift */ = {isa = PBXFileReference; lastKnownFileType = sourcecode.swift; path = StorageManager.swift; sourceTree = "<group>"; };
		BFE0C5912752050100DB4347 /* GoogleService-Info.plist */ = {isa = PBXFileReference; fileEncoding = 4; lastKnownFileType = text.plist.xml; path = "GoogleService-Info.plist"; sourceTree = "<group>"; };
/* End PBXFileReference section */

/* Begin PBXFrameworksBuildPhase section */
		BF3ACD02274FC870003383BE /* Frameworks */ = {
			isa = PBXFrameworksBuildPhase;
			buildActionMask = 2147483647;
			files = (
				C7E53B8646DC3B975DF94901 /* Pods_Messenger.framework in Frameworks */,
			);
			runOnlyForDeploymentPostprocessing = 0;
		};
/* End PBXFrameworksBuildPhase section */

/* Begin PBXGroup section */
		151D10CDDDC23F983CC0EAE5 /* Frameworks */ = {
			isa = PBXGroup;
			children = (
				80798469A9050BA77F33730C /* Pods_Messenger.framework */,
			);
			name = Frameworks;
			sourceTree = "<group>";
		};
		924780660FCE745997355943 /* Pods */ = {
			isa = PBXGroup;
			children = (
				032F7F82B6DC24104D0975E9 /* Pods-Messenger.debug.xcconfig */,
				609EA84D0D38D38D2A44FFBD /* Pods-Messenger.release.xcconfig */,
			);
			path = Pods;
			sourceTree = "<group>";
		};
		BF3ACCFC274FC870003383BE = {
			isa = PBXGroup;
			children = (
				BF3ACD07274FC870003383BE /* Messenger */,
				BF3ACD06274FC870003383BE /* Products */,
				924780660FCE745997355943 /* Pods */,
				151D10CDDDC23F983CC0EAE5 /* Frameworks */,
			);
			sourceTree = "<group>";
		};
		BF3ACD06274FC870003383BE /* Products */ = {
			isa = PBXGroup;
			children = (
				BF3ACD05274FC870003383BE /* Messenger.app */,
			);
			name = Products;
			sourceTree = "<group>";
		};
		BF3ACD07274FC870003383BE /* Messenger */ = {
			isa = PBXGroup;
			children = (
				BFE0C5912752050100DB4347 /* GoogleService-Info.plist */,
				BF3ACD1C274FCB17003383BE /* Resources */,
				BF3ACD1D274FCB76003383BE /* ViewModels */,
				BF3ACD21274FCC22003383BE /* Models */,
				BF3ACD1E274FCB82003383BE /* View */,
				BF3ACD1F274FCB8B003383BE /* Controllers */,
				BF3ACD16274FC871003383BE /* Info.plist */,
			);
			path = Messenger;
			sourceTree = "<group>";
		};
		BF3ACD1C274FCB17003383BE /* Resources */ = {
			isa = PBXGroup;
			children = (
				BF3ACD08274FC870003383BE /* AppDelegate.swift */,
				BF3ACD0A274FC870003383BE /* SceneDelegate.swift */,
				0DF79E7527508FFE000784AD /* Extensions.swift */,
				0D11CC2C275225F60062B2DC /* DatabaseManager.swift */,
				BFAE84582755957E004EB3F2 /* StorageManager.swift */,
			);
			path = Resources;
			sourceTree = "<group>";
		};
		BF3ACD1D274FCB76003383BE /* ViewModels */ = {
			isa = PBXGroup;
			children = (
			);
			path = ViewModels;
			sourceTree = "<group>";
		};
		BF3ACD1E274FCB82003383BE /* View */ = {
			isa = PBXGroup;
			children = (
				BF3ACD20274FCBB2003383BE /* Storyboards */,
				BF3ACD11274FC871003383BE /* Assets.xcassets */,
			);
			path = View;
			sourceTree = "<group>";
		};
		BF3ACD1F274FCB8B003383BE /* Controllers */ = {
			isa = PBXGroup;
			children = (
				BF3ACD0C274FC870003383BE /* ConversationsViewController.swift */,
				BFB14E6D27505D71005437ED /* Login */,
				BF3ACD26274FCD70003383BE /* PhotoViewerViewController.swift */,
				BF3ACD28274FCD86003383BE /* VideoPlayerViewController.swift */,
				BF3ACD2A274FCDB3003383BE /* NewConversationViewController.swift */,
				BF3ACD2C274FCDD2003383BE /* ProfileViewController.swift */,
				BFAE84562755189B004EB3F2 /* ChatViewController.swift */,
			);
			path = Controllers;
			sourceTree = "<group>";
		};
		BF3ACD20274FCBB2003383BE /* Storyboards */ = {
			isa = PBXGroup;
			children = (
				BF3ACD0E274FC870003383BE /* Main.storyboard */,
				BF3ACD13274FC871003383BE /* LaunchScreen.storyboard */,
			);
			path = Storyboards;
			sourceTree = "<group>";
		};
		BF3ACD21274FCC22003383BE /* Models */ = {
			isa = PBXGroup;
			children = (
			);
			path = Models;
			sourceTree = "<group>";
		};
		BFB14E6D27505D71005437ED /* Login */ = {
			isa = PBXGroup;
			children = (
				BF3ACD22274FCD33003383BE /* LoginViewController.swift */,
				BF3ACD24274FCD56003383BE /* RegisterViewController.swift */,
			);
			path = Login;
			sourceTree = "<group>";
		};
/* End PBXGroup section */

/* Begin PBXNativeTarget section */
		BF3ACD04274FC870003383BE /* Messenger */ = {
			isa = PBXNativeTarget;
			buildConfigurationList = BF3ACD19274FC871003383BE /* Build configuration list for PBXNativeTarget "Messenger" */;
			buildPhases = (
				67E22992E8708E70970B2104 /* [CP] Check Pods Manifest.lock */,
				BF3ACD01274FC870003383BE /* Sources */,
				BF3ACD02274FC870003383BE /* Frameworks */,
				BF3ACD03274FC870003383BE /* Resources */,
				8EE0E008A58DE9B0BCA1CA13 /* [CP] Embed Pods Frameworks */,
			);
			buildRules = (
			);
			dependencies = (
			);
			name = Messenger;
			productName = Messenger;
			productReference = BF3ACD05274FC870003383BE /* Messenger.app */;
			productType = "com.apple.product-type.application";
		};
/* End PBXNativeTarget section */

/* Begin PBXProject section */
		BF3ACCFD274FC870003383BE /* Project object */ = {
			isa = PBXProject;
			attributes = {
				BuildIndependentTargetsInParallel = 1;
				LastSwiftUpdateCheck = 1300;
				LastUpgradeCheck = 1300;
				TargetAttributes = {
					BF3ACD04274FC870003383BE = {
						CreatedOnToolsVersion = 13.0;
					};
				};
			};
			buildConfigurationList = BF3ACD00274FC870003383BE /* Build configuration list for PBXProject "Messenger" */;
			compatibilityVersion = "Xcode 13.0";
			developmentRegion = en;
			hasScannedForEncodings = 0;
			knownRegions = (
				en,
				Base,
			);
			mainGroup = BF3ACCFC274FC870003383BE;
			productRefGroup = BF3ACD06274FC870003383BE /* Products */;
			projectDirPath = "";
			projectRoot = "";
			targets = (
				BF3ACD04274FC870003383BE /* Messenger */,
			);
		};
/* End PBXProject section */

/* Begin PBXResourcesBuildPhase section */
		BF3ACD03274FC870003383BE /* Resources */ = {
			isa = PBXResourcesBuildPhase;
			buildActionMask = 2147483647;
			files = (
				BF3ACD15274FC871003383BE /* LaunchScreen.storyboard in Resources */,
				BFE0C5922752050100DB4347 /* GoogleService-Info.plist in Resources */,
				BF3ACD12274FC871003383BE /* Assets.xcassets in Resources */,
				BF3ACD10274FC870003383BE /* Main.storyboard in Resources */,
			);
			runOnlyForDeploymentPostprocessing = 0;
		};
/* End PBXResourcesBuildPhase section */

/* Begin PBXShellScriptBuildPhase section */
		67E22992E8708E70970B2104 /* [CP] Check Pods Manifest.lock */ = {
			isa = PBXShellScriptBuildPhase;
			buildActionMask = 2147483647;
			files = (
			);
			inputFileListPaths = (
			);
			inputPaths = (
				"${PODS_PODFILE_DIR_PATH}/Podfile.lock",
				"${PODS_ROOT}/Manifest.lock",
			);
			name = "[CP] Check Pods Manifest.lock";
			outputFileListPaths = (
			);
			outputPaths = (
				"$(DERIVED_FILE_DIR)/Pods-Messenger-checkManifestLockResult.txt",
			);
			runOnlyForDeploymentPostprocessing = 0;
			shellPath = /bin/sh;
			shellScript = "diff \"${PODS_PODFILE_DIR_PATH}/Podfile.lock\" \"${PODS_ROOT}/Manifest.lock\" > /dev/null\nif [ $? != 0 ] ; then\n    # print error to STDERR\n    echo \"error: The sandbox is not in sync with the Podfile.lock. Run 'pod install' or update your CocoaPods installation.\" >&2\n    exit 1\nfi\n# This output is used by Xcode 'outputs' to avoid re-running this script phase.\necho \"SUCCESS\" > \"${SCRIPT_OUTPUT_FILE_0}\"\n";
			showEnvVarsInLog = 0;
		};
		8EE0E008A58DE9B0BCA1CA13 /* [CP] Embed Pods Frameworks */ = {
			isa = PBXShellScriptBuildPhase;
			buildActionMask = 2147483647;
			files = (
			);
			inputFileListPaths = (
				"${PODS_ROOT}/Target Support Files/Pods-Messenger/Pods-Messenger-frameworks-${CONFIGURATION}-input-files.xcfilelist",
			);
			name = "[CP] Embed Pods Frameworks";
			outputFileListPaths = (
				"${PODS_ROOT}/Target Support Files/Pods-Messenger/Pods-Messenger-frameworks-${CONFIGURATION}-output-files.xcfilelist",
			);
			runOnlyForDeploymentPostprocessing = 0;
			shellPath = /bin/sh;
			shellScript = "\"${PODS_ROOT}/Target Support Files/Pods-Messenger/Pods-Messenger-frameworks.sh\"\n";
			showEnvVarsInLog = 0;
		};
/* End PBXShellScriptBuildPhase section */

/* Begin PBXSourcesBuildPhase section */
		BF3ACD01274FC870003383BE /* Sources */ = {
			isa = PBXSourcesBuildPhase;
			buildActionMask = 2147483647;
			files = (
				BF3ACD23274FCD33003383BE /* LoginViewController.swift in Sources */,
				0D11CC2D275225F60062B2DC /* DatabaseManager.swift in Sources */,
				BF3ACD25274FCD56003383BE /* RegisterViewController.swift in Sources */,
				BF3ACD2B274FCDB3003383BE /* NewConversationViewController.swift in Sources */,
				BF3ACD0D274FC870003383BE /* ConversationsViewController.swift in Sources */,
				BF3ACD29274FCD86003383BE /* VideoPlayerViewController.swift in Sources */,
				0DF79E7627508FFE000784AD /* Extensions.swift in Sources */,
				BF3ACD09274FC870003383BE /* AppDelegate.swift in Sources */,
				BF3ACD2D274FCDD2003383BE /* ProfileViewController.swift in Sources */,
				BF3ACD0B274FC870003383BE /* SceneDelegate.swift in Sources */,
				BFAE84572755189B004EB3F2 /* ChatViewController.swift in Sources */,
				BF3ACD27274FCD70003383BE /* PhotoViewerViewController.swift in Sources */,
				BFAE84592755957E004EB3F2 /* StorageManager.swift in Sources */,
			);
			runOnlyForDeploymentPostprocessing = 0;
		};
/* End PBXSourcesBuildPhase section */

/* Begin PBXVariantGroup section */
		BF3ACD0E274FC870003383BE /* Main.storyboard */ = {
			isa = PBXVariantGroup;
			children = (
				BF3ACD0F274FC870003383BE /* Base */,
			);
			name = Main.storyboard;
			sourceTree = "<group>";
		};
		BF3ACD13274FC871003383BE /* LaunchScreen.storyboard */ = {
			isa = PBXVariantGroup;
			children = (
				BF3ACD14274FC871003383BE /* Base */,
			);
			name = LaunchScreen.storyboard;
			sourceTree = "<group>";
		};
/* End PBXVariantGroup section */

/* Begin XCBuildConfiguration section */
		BF3ACD17274FC871003383BE /* Debug */ = {
			isa = XCBuildConfiguration;
			buildSettings = {
				ALWAYS_SEARCH_USER_PATHS = NO;
				CLANG_ANALYZER_NONNULL = YES;
				CLANG_ANALYZER_NUMBER_OBJECT_CONVERSION = YES_AGGRESSIVE;
				CLANG_CXX_LANGUAGE_STANDARD = "gnu++17";
				CLANG_CXX_LIBRARY = "libc++";
				CLANG_ENABLE_MODULES = YES;
				CLANG_ENABLE_OBJC_ARC = YES;
				CLANG_ENABLE_OBJC_WEAK = YES;
				CLANG_WARN_BLOCK_CAPTURE_AUTORELEASING = YES;
				CLANG_WARN_BOOL_CONVERSION = YES;
				CLANG_WARN_COMMA = YES;
				CLANG_WARN_CONSTANT_CONVERSION = YES;
				CLANG_WARN_DEPRECATED_OBJC_IMPLEMENTATIONS = YES;
				CLANG_WARN_DIRECT_OBJC_ISA_USAGE = YES_ERROR;
				CLANG_WARN_DOCUMENTATION_COMMENTS = YES;
				CLANG_WARN_EMPTY_BODY = YES;
				CLANG_WARN_ENUM_CONVERSION = YES;
				CLANG_WARN_INFINITE_RECURSION = YES;
				CLANG_WARN_INT_CONVERSION = YES;
				CLANG_WARN_NON_LITERAL_NULL_CONVERSION = YES;
				CLANG_WARN_OBJC_IMPLICIT_RETAIN_SELF = YES;
				CLANG_WARN_OBJC_LITERAL_CONVERSION = YES;
				CLANG_WARN_OBJC_ROOT_CLASS = YES_ERROR;
				CLANG_WARN_QUOTED_INCLUDE_IN_FRAMEWORK_HEADER = YES;
				CLANG_WARN_RANGE_LOOP_ANALYSIS = YES;
				CLANG_WARN_STRICT_PROTOTYPES = YES;
				CLANG_WARN_SUSPICIOUS_MOVE = YES;
				CLANG_WARN_UNGUARDED_AVAILABILITY = YES_AGGRESSIVE;
				CLANG_WARN_UNREACHABLE_CODE = YES;
				CLANG_WARN__DUPLICATE_METHOD_MATCH = YES;
				COPY_PHASE_STRIP = NO;
				DEBUG_INFORMATION_FORMAT = dwarf;
				ENABLE_STRICT_OBJC_MSGSEND = YES;
				ENABLE_TESTABILITY = YES;
				GCC_C_LANGUAGE_STANDARD = gnu11;
				GCC_DYNAMIC_NO_PIC = NO;
				GCC_NO_COMMON_BLOCKS = YES;
				GCC_OPTIMIZATION_LEVEL = 0;
				GCC_PREPROCESSOR_DEFINITIONS = (
					"DEBUG=1",
					"$(inherited)",
				);
				GCC_WARN_64_TO_32_BIT_CONVERSION = YES;
				GCC_WARN_ABOUT_RETURN_TYPE = YES_ERROR;
				GCC_WARN_UNDECLARED_SELECTOR = YES;
				GCC_WARN_UNINITIALIZED_AUTOS = YES_AGGRESSIVE;
				GCC_WARN_UNUSED_FUNCTION = YES;
				GCC_WARN_UNUSED_VARIABLE = YES;
				IPHONEOS_DEPLOYMENT_TARGET = 15.0;
				MTL_ENABLE_DEBUG_INFO = INCLUDE_SOURCE;
				MTL_FAST_MATH = YES;
				ONLY_ACTIVE_ARCH = YES;
				SDKROOT = iphoneos;
				SWIFT_ACTIVE_COMPILATION_CONDITIONS = DEBUG;
				SWIFT_OPTIMIZATION_LEVEL = "-Onone";
			};
			name = Debug;
		};
		BF3ACD18274FC871003383BE /* Release */ = {
			isa = XCBuildConfiguration;
			buildSettings = {
				ALWAYS_SEARCH_USER_PATHS = NO;
				CLANG_ANALYZER_NONNULL = YES;
				CLANG_ANALYZER_NUMBER_OBJECT_CONVERSION = YES_AGGRESSIVE;
				CLANG_CXX_LANGUAGE_STANDARD = "gnu++17";
				CLANG_CXX_LIBRARY = "libc++";
				CLANG_ENABLE_MODULES = YES;
				CLANG_ENABLE_OBJC_ARC = YES;
				CLANG_ENABLE_OBJC_WEAK = YES;
				CLANG_WARN_BLOCK_CAPTURE_AUTORELEASING = YES;
				CLANG_WARN_BOOL_CONVERSION = YES;
				CLANG_WARN_COMMA = YES;
				CLANG_WARN_CONSTANT_CONVERSION = YES;
				CLANG_WARN_DEPRECATED_OBJC_IMPLEMENTATIONS = YES;
				CLANG_WARN_DIRECT_OBJC_ISA_USAGE = YES_ERROR;
				CLANG_WARN_DOCUMENTATION_COMMENTS = YES;
				CLANG_WARN_EMPTY_BODY = YES;
				CLANG_WARN_ENUM_CONVERSION = YES;
				CLANG_WARN_INFINITE_RECURSION = YES;
				CLANG_WARN_INT_CONVERSION = YES;
				CLANG_WARN_NON_LITERAL_NULL_CONVERSION = YES;
				CLANG_WARN_OBJC_IMPLICIT_RETAIN_SELF = YES;
				CLANG_WARN_OBJC_LITERAL_CONVERSION = YES;
				CLANG_WARN_OBJC_ROOT_CLASS = YES_ERROR;
				CLANG_WARN_QUOTED_INCLUDE_IN_FRAMEWORK_HEADER = YES;
				CLANG_WARN_RANGE_LOOP_ANALYSIS = YES;
				CLANG_WARN_STRICT_PROTOTYPES = YES;
				CLANG_WARN_SUSPICIOUS_MOVE = YES;
				CLANG_WARN_UNGUARDED_AVAILABILITY = YES_AGGRESSIVE;
				CLANG_WARN_UNREACHABLE_CODE = YES;
				CLANG_WARN__DUPLICATE_METHOD_MATCH = YES;
				COPY_PHASE_STRIP = NO;
				DEBUG_INFORMATION_FORMAT = "dwarf-with-dsym";
				ENABLE_NS_ASSERTIONS = NO;
				ENABLE_STRICT_OBJC_MSGSEND = YES;
				GCC_C_LANGUAGE_STANDARD = gnu11;
				GCC_NO_COMMON_BLOCKS = YES;
				GCC_WARN_64_TO_32_BIT_CONVERSION = YES;
				GCC_WARN_ABOUT_RETURN_TYPE = YES_ERROR;
				GCC_WARN_UNDECLARED_SELECTOR = YES;
				GCC_WARN_UNINITIALIZED_AUTOS = YES_AGGRESSIVE;
				GCC_WARN_UNUSED_FUNCTION = YES;
				GCC_WARN_UNUSED_VARIABLE = YES;
				IPHONEOS_DEPLOYMENT_TARGET = 15.0;
				MTL_ENABLE_DEBUG_INFO = NO;
				MTL_FAST_MATH = YES;
				SDKROOT = iphoneos;
				SWIFT_COMPILATION_MODE = wholemodule;
				SWIFT_OPTIMIZATION_LEVEL = "-O";
				VALIDATE_PRODUCT = YES;
			};
			name = Release;
		};
		BF3ACD1A274FC871003383BE /* Debug */ = {
			isa = XCBuildConfiguration;
			baseConfigurationReference = 032F7F82B6DC24104D0975E9 /* Pods-Messenger.debug.xcconfig */;
			buildSettings = {
				ASSETCATALOG_COMPILER_APPICON_NAME = AppIcon;
				ASSETCATALOG_COMPILER_GLOBAL_ACCENT_COLOR_NAME = AccentColor;
				CODE_SIGN_STYLE = Automatic;
				CURRENT_PROJECT_VERSION = 1;
				DEVELOPMENT_TEAM = 946D9F24MX;
				GENERATE_INFOPLIST_FILE = YES;
				INFOPLIST_FILE = Messenger/Info.plist;
				INFOPLIST_KEY_NSCameraUsageDescription = "Please allow access to take a profile picture";
				INFOPLIST_KEY_NSPhotoLibraryAddUsageDescription = "Please allow access to select a photo for your profile";
				INFOPLIST_KEY_UIApplicationSupportsIndirectInputEvents = YES;
				INFOPLIST_KEY_UILaunchStoryboardName = LaunchScreen;
				INFOPLIST_KEY_UIMainStoryboardFile = Main;
				INFOPLIST_KEY_UISupportedInterfaceOrientations = UIInterfaceOrientationPortrait;
				INFOPLIST_KEY_UISupportedInterfaceOrientations_iPad = "UIInterfaceOrientationPortrait UIInterfaceOrientationPortraitUpsideDown UIInterfaceOrientationLandscapeLeft UIInterfaceOrientationLandscapeRight";
				INFOPLIST_KEY_UISupportedInterfaceOrientations_iPhone = "UIInterfaceOrientationPortrait UIInterfaceOrientationLandscapeLeft UIInterfaceOrientationLandscapeRight";
				LD_RUNPATH_SEARCH_PATHS = (
					"$(inherited)",
					"@executable_path/Frameworks",
				);
				MARKETING_VERSION = 1.0;
				PRODUCT_BUNDLE_IDENTIFIER = "com.luvina.Messenger-1";
				PRODUCT_NAME = "$(TARGET_NAME)";
				SWIFT_EMIT_LOC_STRINGS = YES;
				SWIFT_VERSION = 5.0;
				TARGETED_DEVICE_FAMILY = "1,2";
			};
			name = Debug;
		};
		BF3ACD1B274FC871003383BE /* Release */ = {
			isa = XCBuildConfiguration;
			baseConfigurationReference = 609EA84D0D38D38D2A44FFBD /* Pods-Messenger.release.xcconfig */;
			buildSettings = {
				ASSETCATALOG_COMPILER_APPICON_NAME = AppIcon;
				ASSETCATALOG_COMPILER_GLOBAL_ACCENT_COLOR_NAME = AccentColor;
				CODE_SIGN_STYLE = Automatic;
				CURRENT_PROJECT_VERSION = 1;
				DEVELOPMENT_TEAM = 946D9F24MX;
				GENERATE_INFOPLIST_FILE = YES;
				INFOPLIST_FILE = Messenger/Info.plist;
				INFOPLIST_KEY_NSCameraUsageDescription = "Please allow access to take a profile picture";
				INFOPLIST_KEY_NSPhotoLibraryAddUsageDescription = "Please allow access to select a photo for your profile";
				INFOPLIST_KEY_UIApplicationSupportsIndirectInputEvents = YES;
				INFOPLIST_KEY_UILaunchStoryboardName = LaunchScreen;
				INFOPLIST_KEY_UIMainStoryboardFile = Main;
				INFOPLIST_KEY_UISupportedInterfaceOrientations = UIInterfaceOrientationPortrait;
				INFOPLIST_KEY_UISupportedInterfaceOrientations_iPad = "UIInterfaceOrientationPortrait UIInterfaceOrientationPortraitUpsideDown UIInterfaceOrientationLandscapeLeft UIInterfaceOrientationLandscapeRight";
				INFOPLIST_KEY_UISupportedInterfaceOrientations_iPhone = "UIInterfaceOrientationPortrait UIInterfaceOrientationLandscapeLeft UIInterfaceOrientationLandscapeRight";
				LD_RUNPATH_SEARCH_PATHS = (
					"$(inherited)",
					"@executable_path/Frameworks",
				);
				MARKETING_VERSION = 1.0;
				PRODUCT_BUNDLE_IDENTIFIER = "com.luvina.Messenger-1";
				PRODUCT_NAME = "$(TARGET_NAME)";
				SWIFT_EMIT_LOC_STRINGS = YES;
				SWIFT_VERSION = 5.0;
				TARGETED_DEVICE_FAMILY = "1,2";
			};
			name = Release;
		};
/* End XCBuildConfiguration section */

/* Begin XCConfigurationList section */
		BF3ACD00274FC870003383BE /* Build configuration list for PBXProject "Messenger" */ = {
			isa = XCConfigurationList;
			buildConfigurations = (
				BF3ACD17274FC871003383BE /* Debug */,
				BF3ACD18274FC871003383BE /* Release */,
			);
			defaultConfigurationIsVisible = 0;
			defaultConfigurationName = Release;
		};
		BF3ACD19274FC871003383BE /* Build configuration list for PBXNativeTarget "Messenger" */ = {
			isa = XCConfigurationList;
			buildConfigurations = (
				BF3ACD1A274FC871003383BE /* Debug */,
				BF3ACD1B274FC871003383BE /* Release */,
			);
			defaultConfigurationIsVisible = 0;
			defaultConfigurationName = Release;
		};
/* End XCConfigurationList section */
	};
	rootObject = BF3ACCFD274FC870003383BE /* Project object */;
}
